// !$*UTF8*$!
{
	archiveVersion = 1;
	classes = {
	};
	objectVersion = 46;
	objects = {

/* Begin PBXBuildFile section */
		7F5204CA1C34F79B00507125 /* AppDelegate.swift in Sources */ = {isa = PBXBuildFile; fileRef = 7F5204C91C34F79B00507125 /* AppDelegate.swift */; };
		7F5204CC1C34F79B00507125 /* ViewController.swift in Sources */ = {isa = PBXBuildFile; fileRef = 7F5204CB1C34F79B00507125 /* ViewController.swift */; };
		7F5204CF1C34F79B00507125 /* Main.storyboard in Resources */ = {isa = PBXBuildFile; fileRef = 7F5204CD1C34F79B00507125 /* Main.storyboard */; };
		7F5204D21C34F79B00507125 /* X2015.xcdatamodeld in Sources */ = {isa = PBXBuildFile; fileRef = 7F5204D01C34F79B00507125 /* X2015.xcdatamodeld */; };
		7F5204D41C34F79B00507125 /* Assets.xcassets in Resources */ = {isa = PBXBuildFile; fileRef = 7F5204D31C34F79B00507125 /* Assets.xcassets */; };
		7F5204D71C34F79B00507125 /* LaunchScreen.storyboard in Resources */ = {isa = PBXBuildFile; fileRef = 7F5204D51C34F79B00507125 /* LaunchScreen.storyboard */; };
/* End PBXBuildFile section */

/* Begin PBXFileReference section */
		7F5204C61C34F79B00507125 /* X2015.app */ = {isa = PBXFileReference; explicitFileType = wrapper.application; includeInIndex = 0; path = X2015.app; sourceTree = BUILT_PRODUCTS_DIR; };
		7F5204C91C34F79B00507125 /* AppDelegate.swift */ = {isa = PBXFileReference; lastKnownFileType = sourcecode.swift; path = AppDelegate.swift; sourceTree = "<group>"; };
		7F5204CB1C34F79B00507125 /* ViewController.swift */ = {isa = PBXFileReference; lastKnownFileType = sourcecode.swift; path = ViewController.swift; sourceTree = "<group>"; };
		7F5204CE1C34F79B00507125 /* Base */ = {isa = PBXFileReference; lastKnownFileType = file.storyboard; name = Base; path = Base.lproj/Main.storyboard; sourceTree = "<group>"; };
		7F5204D11C34F79B00507125 /* X2015.xcdatamodel */ = {isa = PBXFileReference; lastKnownFileType = wrapper.xcdatamodel; path = X2015.xcdatamodel; sourceTree = "<group>"; };
		7F5204D31C34F79B00507125 /* Assets.xcassets */ = {isa = PBXFileReference; lastKnownFileType = folder.assetcatalog; path = Assets.xcassets; sourceTree = "<group>"; };
		7F5204D61C34F79B00507125 /* Base */ = {isa = PBXFileReference; lastKnownFileType = file.storyboard; name = Base; path = Base.lproj/LaunchScreen.storyboard; sourceTree = "<group>"; };
		7F5204D81C34F79B00507125 /* Info.plist */ = {isa = PBXFileReference; lastKnownFileType = text.plist.xml; path = Info.plist; sourceTree = "<group>"; };
/* End PBXFileReference section */

/* Begin PBXFrameworksBuildPhase section */
		7F5204C31C34F79B00507125 /* Frameworks */ = {
			isa = PBXFrameworksBuildPhase;
			buildActionMask = 2147483647;
			files = (
			);
			runOnlyForDeploymentPostprocessing = 0;
		};
/* End PBXFrameworksBuildPhase section */

/* Begin PBXGroup section */
		7F5204BD1C34F79B00507125 = {
			isa = PBXGroup;
			children = (
				7F5204C81C34F79B00507125 /* X2015 */,
				7F5204C71C34F79B00507125 /* Products */,
			);
			sourceTree = "<group>";
		};
		7F5204C71C34F79B00507125 /* Products */ = {
			isa = PBXGroup;
			children = (
				7F5204C61C34F79B00507125 /* X2015.app */,
			);
			name = Products;
			sourceTree = "<group>";
		};
		7F5204C81C34F79B00507125 /* X2015 */ = {
			isa = PBXGroup;
			children = (
				7F5204C91C34F79B00507125 /* AppDelegate.swift */,
				7F5204CB1C34F79B00507125 /* ViewController.swift */,
				7F5204CD1C34F79B00507125 /* Main.storyboard */,
				7F5204D31C34F79B00507125 /* Assets.xcassets */,
				7F5204D51C34F79B00507125 /* LaunchScreen.storyboard */,
				7F5204D81C34F79B00507125 /* Info.plist */,
				7F5204D01C34F79B00507125 /* X2015.xcdatamodeld */,
			);
			path = X2015;
			sourceTree = "<group>";
		};
/* End PBXGroup section */

/* Begin PBXNativeTarget section */
		7F5204C51C34F79B00507125 /* X2015 */ = {
			isa = PBXNativeTarget;
			buildConfigurationList = 7F5204DB1C34F79B00507125 /* Build configuration list for PBXNativeTarget "X2015" */;
			buildPhases = (
				7F5204C21C34F79B00507125 /* Sources */,
				7F5204C31C34F79B00507125 /* Frameworks */,
				7F5204C41C34F79B00507125 /* Resources */,
			);
			buildRules = (
			);
			dependencies = (
			);
			name = X2015;
			productName = X2015;
			productReference = 7F5204C61C34F79B00507125 /* X2015.app */;
			productType = "com.apple.product-type.application";
		};
/* End PBXNativeTarget section */

/* Begin PBXProject section */
		7F5204BE1C34F79B00507125 /* Project object */ = {
			isa = PBXProject;
			attributes = {
				LastSwiftUpdateCheck = 0720;
				LastUpgradeCheck = 0720;
				ORGANIZATIONNAME = "Zhang Hang";
				TargetAttributes = {
					7F5204C51C34F79B00507125 = {
						CreatedOnToolsVersion = 7.2;
					};
				};
			};
			buildConfigurationList = 7F5204C11C34F79B00507125 /* Build configuration list for PBXProject "X2015" */;
			compatibilityVersion = "Xcode 3.2";
			developmentRegion = English;
			hasScannedForEncodings = 0;
			knownRegions = (
				en,
				Base,
			);
			mainGroup = 7F5204BD1C34F79B00507125;
			productRefGroup = 7F5204C71C34F79B00507125 /* Products */;
			projectDirPath = "";
			projectRoot = "";
			targets = (
				7F5204C51C34F79B00507125 /* X2015 */,
			);
		};
/* End PBXProject section */

/* Begin PBXResourcesBuildPhase section */
		7F5204C41C34F79B00507125 /* Resources */ = {
			isa = PBXResourcesBuildPhase;
			buildActionMask = 2147483647;
			files = (
				7F5204D71C34F79B00507125 /* LaunchScreen.storyboard in Resources */,
				7F5204D41C34F79B00507125 /* Assets.xcassets in Resources */,
				7F5204CF1C34F79B00507125 /* Main.storyboard in Resources */,
			);
			runOnlyForDeploymentPostprocessing = 0;
		};
/* End PBXResourcesBuildPhase section */

/* Begin PBXSourcesBuildPhase section */
		7F5204C21C34F79B00507125 /* Sources */ = {
			isa = PBXSourcesBuildPhase;
			buildActionMask = 2147483647;
			files = (
				7F5204CC1C34F79B00507125 /* ViewController.swift in Sources */,
				7F5204D21C34F79B00507125 /* X2015.xcdatamodeld in Sources */,
				7F5204CA1C34F79B00507125 /* AppDelegate.swift in Sources */,
			);
			runOnlyForDeploymentPostprocessing = 0;
		};
/* End PBXSourcesBuildPhase section */

/* Begin PBXVariantGroup section */
		7F5204CD1C34F79B00507125 /* Main.storyboard */ = {
			isa = PBXVariantGroup;
			children = (
				7F5204CE1C34F79B00507125 /* Base */,
			);
			name = Main.storyboard;
			sourceTree = "<group>";
		};
		7F5204D51C34F79B00507125 /* LaunchScreen.storyboard */ = {
			isa = PBXVariantGroup;
			children = (
				7F5204D61C34F79B00507125 /* Base */,
			);
			name = LaunchScreen.storyboard;
			sourceTree = "<group>";
		};
/* End PBXVariantGroup section */

/* Begin XCBuildConfiguration section */
		7F5204D91C34F79B00507125 /* Debug */ = {
			isa = XCBuildConfiguration;
			buildSettings = {
				ALWAYS_SEARCH_USER_PATHS = NO;
				CLANG_CXX_LANGUAGE_STANDARD = "gnu++0x";
				CLANG_CXX_LIBRARY = "libc++";
				CLANG_ENABLE_MODULES = YES;
				CLANG_ENABLE_OBJC_ARC = YES;
				CLANG_WARN_BOOL_CONVERSION = YES;
				CLANG_WARN_CONSTANT_CONVERSION = YES;
				CLANG_WARN_DIRECT_OBJC_ISA_USAGE = YES_ERROR;
				CLANG_WARN_EMPTY_BODY = YES;
				CLANG_WARN_ENUM_CONVERSION = YES;
				CLANG_WARN_INT_CONVERSION = YES;
				CLANG_WARN_OBJC_ROOT_CLASS = YES_ERROR;
				CLANG_WARN_UNREACHABLE_CODE = YES;
				CLANG_WARN__DUPLICATE_METHOD_MATCH = YES;
				"CODE_SIGN_IDENTITY[sdk=iphoneos*]" = "iPhone Developer";
				COPY_PHASE_STRIP = NO;
				DEBUG_INFORMATION_FORMAT = dwarf;
				ENABLE_STRICT_OBJC_MSGSEND = YES;
				ENABLE_TESTABILITY = YES;
				GCC_C_LANGUAGE_STANDARD = gnu99;
				GCC_DYNAMIC_NO_PIC = NO;
				GCC_NO_COMMON_BLOCKS = YES;
				GCC_OPTIMIZATION_LEVEL = 0;
				GCC_PREPROCESSOR_DEFINITIONS = (
					"DEBUG=1",
					"$(inherited)",
				);
				GCC_WARN_64_TO_32_BIT_CONVERSION = YES;
				GCC_WARN_ABOUT_RETURN_TYPE = YES_ERROR;
				GCC_WARN_UNDECLARED_SELECTOR = YES;
				GCC_WARN_UNINITIALIZED_AUTOS = YES_AGGRESSIVE;
				GCC_WARN_UNUSED_FUNCTION = YES;
				GCC_WARN_UNUSED_VARIABLE = YES;
				IPHONEOS_DEPLOYMENT_TARGET = 9.2;
				MTL_ENABLE_DEBUG_INFO = YES;
				ONLY_ACTIVE_ARCH = YES;
				SDKROOT = iphoneos;
				SWIFT_OPTIMIZATION_LEVEL = "-Onone";
				TARGETED_DEVICE_FAMILY = "1,2";
			};
			name = Debug;
		};
		7F5204DA1C34F79B00507125 /* Release */ = {
			isa = XCBuildConfiguration;
			buildSettings = {
				ALWAYS_SEARCH_USER_PATHS = NO;
				CLANG_CXX_LANGUAGE_STANDARD = "gnu++0x";
				CLANG_CXX_LIBRARY = "libc++";
				CLANG_ENABLE_MODULES = YES;
				CLANG_ENABLE_OBJC_ARC = YES;
				CLANG_WARN_BOOL_CONVERSION = YES;
				CLANG_WARN_CONSTANT_CONVERSION = YES;
				CLANG_WARN_DIRECT_OBJC_ISA_USAGE = YES_ERROR;
				CLANG_WARN_EMPTY_BODY = YES;
				CLANG_WARN_ENUM_CONVERSION = YES;
				CLANG_WARN_INT_CONVERSION = YES;
				CLANG_WARN_OBJC_ROOT_CLASS = YES_ERROR;
				CLANG_WARN_UNREACHABLE_CODE = YES;
				CLANG_WARN__DUPLICATE_METHOD_MATCH = YES;
				"CODE_SIGN_IDENTITY[sdk=iphoneos*]" = "iPhone Developer";
				COPY_PHASE_STRIP = NO;
				DEBUG_INFORMATION_FORMAT = "dwarf-with-dsym";
				ENABLE_NS_ASSERTIONS = NO;
				ENABLE_STRICT_OBJC_MSGSEND = YES;
				GCC_C_LANGUAGE_STANDARD = gnu99;
				GCC_NO_COMMON_BLOCKS = YES;
				GCC_WARN_64_TO_32_BIT_CONVERSION = YES;
				GCC_WARN_ABOUT_RETURN_TYPE = YES_ERROR;
				GCC_WARN_UNDECLARED_SELECTOR = YES;
				GCC_WARN_UNINITIALIZED_AUTOS = YES_AGGRESSIVE;
				GCC_WARN_UNUSED_FUNCTION = YES;
				GCC_WARN_UNUSED_VARIABLE = YES;
				IPHONEOS_DEPLOYMENT_TARGET = 9.2;
				MTL_ENABLE_DEBUG_INFO = NO;
				SDKROOT = iphoneos;
				TARGETED_DEVICE_FAMILY = "1,2";
				VALIDATE_PRODUCT = YES;
			};
			name = Release;
		};
		7F5204DC1C34F79B00507125 /* Debug */ = {
			isa = XCBuildConfiguration;
			buildSettings = {
				ASSETCATALOG_COMPILER_APPICON_NAME = AppIcon;
				INFOPLIST_FILE = X2015/Info.plist;
				LD_RUNPATH_SEARCH_PATHS = "$(inherited) @executable_path/Frameworks";
				PRODUCT_BUNDLE_IDENTIFIER = me.zhanghang.X2015;
				PRODUCT_NAME = "$(TARGET_NAME)";
			};
			name = Debug;
		};
		7F5204DD1C34F79B00507125 /* Release */ = {
			isa = XCBuildConfiguration;
			buildSettings = {
				ASSETCATALOG_COMPILER_APPICON_NAME = AppIcon;
				INFOPLIST_FILE = X2015/Info.plist;
				LD_RUNPATH_SEARCH_PATHS = "$(inherited) @executable_path/Frameworks";
				PRODUCT_BUNDLE_IDENTIFIER = me.zhanghang.X2015;
				PRODUCT_NAME = "$(TARGET_NAME)";
			};
			name = Release;
		};
/* End XCBuildConfiguration section */

/* Begin XCConfigurationList section */
		7F5204C11C34F79B00507125 /* Build configuration list for PBXProject "X2015" */ = {
			isa = XCConfigurationList;
			buildConfigurations = (
				7F5204D91C34F79B00507125 /* Debug */,
				7F5204DA1C34F79B00507125 /* Release */,
			);
			defaultConfigurationIsVisible = 0;
			defaultConfigurationName = Release;
		};
		7F5204DB1C34F79B00507125 /* Build configuration list for PBXNativeTarget "X2015" */ = {
			isa = XCConfigurationList;
			buildConfigurations = (
				7F5204DC1C34F79B00507125 /* Debug */,
				7F5204DD1C34F79B00507125 /* Release */,
			);
			defaultConfigurationIsVisible = 0;
		};
/* End XCConfigurationList section */

/* Begin XCVersionGroup section */
		7F5204D01C34F79B00507125 /* X2015.xcdatamodeld */ = {
			isa = XCVersionGroup;
			children = (
				7F5204D11C34F79B00507125 /* X2015.xcdatamodel */,
			);
			currentVersion = 7F5204D11C34F79B00507125 /* X2015.xcdatamodel */;
			path = X2015.xcdatamodeld;
			sourceTree = "<group>";
			versionGroupType = wrapper.xcdatamodel;
		};
/* End XCVersionGroup section */
	};
	rootObject = 7F5204BE1C34F79B00507125 /* Project object */;
}
