// !$*UTF8*$!
{
	archiveVersion = 1;
	classes = {
	};
	objectVersion = 46;
	objects = {

/* Begin PBXBuildFile section */
		7F0D360A1C4D2CA7009F18A6 /* MeTableViewController.swift in Sources */ = {isa = PBXBuildFile; fileRef = 7F0D36091C4D2CA7009F18A6 /* MeTableViewController.swift */; };
		7F0D36171C4D346B009F18A6 /* Localizable.strings in Resources */ = {isa = PBXBuildFile; fileRef = 7F0D36191C4D346B009F18A6 /* Localizable.strings */; };
		7F0D36321C4E010D009F18A6 /* Settings.swift in Sources */ = {isa = PBXBuildFile; fileRef = 7F0D36311C4E010D009F18A6 /* Settings.swift */; };
		7F0D36341C4E0AB4009F18A6 /* TouchIDHelper.swift in Sources */ = {isa = PBXBuildFile; fileRef = 7F0D36331C4E0AB4009F18A6 /* TouchIDHelper.swift */; };
		7F0D86EA1C4CA086000DA469 /* UIView+AnimationHandler.swift in Sources */ = {isa = PBXBuildFile; fileRef = 7F0D86E91C4CA086000DA469 /* UIView+AnimationHandler.swift */; };
		7F0D86F91C4CE078000DA469 /* InfoPlist.strings in Resources */ = {isa = PBXBuildFile; fileRef = 7F0D86FB1C4CE078000DA469 /* InfoPlist.strings */; };
		7F14F3AF1C50949000468F29 /* LockViewController.swift in Sources */ = {isa = PBXBuildFile; fileRef = 7F14F3AE1C50949000468F29 /* LockViewController.swift */; };
		7F14F3B11C50951700468F29 /* SotyboardCreatable.swift in Sources */ = {isa = PBXBuildFile; fileRef = 7F14F3B01C50951700468F29 /* SotyboardCreatable.swift */; };
		7F14F3B71C50EF6200468F29 /* NoteTableViewCell.xib in Resources */ = {isa = PBXBuildFile; fileRef = 7F14F3B61C50EF6200468F29 /* NoteTableViewCell.xib */; };
		7F14F3B91C50EFF200468F29 /* NoteTableViewCell.swift in Sources */ = {isa = PBXBuildFile; fileRef = 7F14F3B81C50EFF200468F29 /* NoteTableViewCell.swift */; };
		7F14F3BD1C50F37A00468F29 /* NoteTimelineTableViewController+Search.swift in Sources */ = {isa = PBXBuildFile; fileRef = 7F14F3BC1C50F37A00468F29 /* NoteTimelineTableViewController+Search.swift */; };
		7F14F3C11C50F7F100468F29 /* NoteSearchTableViewController.swift in Sources */ = {isa = PBXBuildFile; fileRef = 7F14F3C01C50F7F100468F29 /* NoteSearchTableViewController.swift */; };
		7F14F3C31C50FDBC00468F29 /* FetchedResultTableViewController.swift in Sources */ = {isa = PBXBuildFile; fileRef = 7F14F3C21C50FDBC00468F29 /* FetchedResultTableViewController.swift */; };
		7F37C7851C41658E00519B18 /* Foundation+Extensions.swift in Sources */ = {isa = PBXBuildFile; fileRef = 7F37C7821C41658E00519B18 /* Foundation+Extensions.swift */; };
		7F37C7861C41658E00519B18 /* UIColor+Extensions.swift in Sources */ = {isa = PBXBuildFile; fileRef = 7F37C7831C41658E00519B18 /* UIColor+Extensions.swift */; };
		7F37C7871C41658E00519B18 /* UIHelper.swift in Sources */ = {isa = PBXBuildFile; fileRef = 7F37C7841C41658E00519B18 /* UIHelper.swift */; };
		7F5204CA1C34F79B00507125 /* AppDelegate.swift in Sources */ = {isa = PBXBuildFile; fileRef = 7F5204C91C34F79B00507125 /* AppDelegate.swift */; };
		7F5204CF1C34F79B00507125 /* Main.storyboard in Resources */ = {isa = PBXBuildFile; fileRef = 7F5204CD1C34F79B00507125 /* Main.storyboard */; };
		7F5204D21C34F79B00507125 /* X2015.xcdatamodeld in Sources */ = {isa = PBXBuildFile; fileRef = 7F5204D01C34F79B00507125 /* X2015.xcdatamodeld */; };
		7F5204D41C34F79B00507125 /* Assets.xcassets in Resources */ = {isa = PBXBuildFile; fileRef = 7F5204D31C34F79B00507125 /* Assets.xcassets */; };
		7F5204D71C34F79B00507125 /* LaunchScreen.storyboard in Resources */ = {isa = PBXBuildFile; fileRef = 7F5204D51C34F79B00507125 /* LaunchScreen.storyboard */; };
		7F5204E01C34FB4800507125 /* Note.swift in Sources */ = {isa = PBXBuildFile; fileRef = 7F5204DF1C34FB4800507125 /* Note.swift */; };
		7F5204F81C3504C900507125 /* Collection+CoreDataExtensions.swift in Sources */ = {isa = PBXBuildFile; fileRef = 7F5204E71C3504C900507125 /* Collection+CoreDataExtensions.swift */; };
		7F5204F91C3504C900507125 /* CoreDataErrors.swift in Sources */ = {isa = PBXBuildFile; fileRef = 7F5204E81C3504C900507125 /* CoreDataErrors.swift */; };
		7F5204FA1C3504C900507125 /* KeyCodable.swift in Sources */ = {isa = PBXBuildFile; fileRef = 7F5204E91C3504C900507125 /* KeyCodable.swift */; };
		7F5204FC1C3504C900507125 /* ManagedObject.swift in Sources */ = {isa = PBXBuildFile; fileRef = 7F5204EB1C3504C900507125 /* ManagedObject.swift */; };
		7F5204FD1C3504C900507125 /* ManagedObjectObserver.swift in Sources */ = {isa = PBXBuildFile; fileRef = 7F5204EC1C3504C900507125 /* ManagedObjectObserver.swift */; };
		7F5204FE1C3504C900507125 /* Migration.swift in Sources */ = {isa = PBXBuildFile; fileRef = 7F5204ED1C3504C900507125 /* Migration.swift */; };
		7F5204FF1C3504C900507125 /* ModelBuilder.swift in Sources */ = {isa = PBXBuildFile; fileRef = 7F5204EE1C3504C900507125 /* ModelBuilder.swift */; };
		7F5205001C3504C900507125 /* ModelVersionType.swift in Sources */ = {isa = PBXBuildFile; fileRef = 7F5204EF1C3504C900507125 /* ModelVersionType.swift */; };
		7F5205011C3504C900507125 /* NSFetchRequest+Extensions.swift in Sources */ = {isa = PBXBuildFile; fileRef = 7F5204F01C3504C900507125 /* NSFetchRequest+Extensions.swift */; };
		7F5205021C3504C900507125 /* NSManagedObject+Extensions.swift in Sources */ = {isa = PBXBuildFile; fileRef = 7F5204F11C3504C900507125 /* NSManagedObject+Extensions.swift */; };
		7F5205031C3504C900507125 /* NSManagedObjectContext+Extensions.swift in Sources */ = {isa = PBXBuildFile; fileRef = 7F5204F21C3504C900507125 /* NSManagedObjectContext+Extensions.swift */; };
		7F5205041C3504C900507125 /* NSManagedObjectContext+Observers.swift in Sources */ = {isa = PBXBuildFile; fileRef = 7F5204F31C3504C900507125 /* NSManagedObjectContext+Observers.swift */; };
		7F5205051C3504C900507125 /* NSPersistentStoreCoordinator+Extensions.swift in Sources */ = {isa = PBXBuildFile; fileRef = 7F5204F41C3504C900507125 /* NSPersistentStoreCoordinator+Extensions.swift */; };
		7F5205071C3504C900507125 /* Utilities.swift in Sources */ = {isa = PBXBuildFile; fileRef = 7F5204F61C3504C900507125 /* Utilities.swift */; };
		7F5205081C3504C900507125 /* ValueTransformer.swift in Sources */ = {isa = PBXBuildFile; fileRef = 7F5204F71C3504C900507125 /* ValueTransformer.swift */; };
		7F52050E1C3528D900507125 /* NoteTimelineTableViewController.swift in Sources */ = {isa = PBXBuildFile; fileRef = 7F52050D1C3528D900507125 /* NoteTimelineTableViewController.swift */; };
		7F5205101C3587F400507125 /* NoteEditViewController.swift in Sources */ = {isa = PBXBuildFile; fileRef = 7F52050F1C3587F400507125 /* NoteEditViewController.swift */; };
		7F5205121C3639C100507125 /* KeyboardNotification.swift in Sources */ = {isa = PBXBuildFile; fileRef = 7F5205111C3639C100507125 /* KeyboardNotification.swift */; };
		7F5205141C3643D600507125 /* KeyboardNotificationObserver.swift in Sources */ = {isa = PBXBuildFile; fileRef = 7F5205131C3643D600507125 /* KeyboardNotificationObserver.swift */; };
		7F5205191C364C9100507125 /* ConfigureableCell.swift in Sources */ = {isa = PBXBuildFile; fileRef = 7F5205181C364C9100507125 /* ConfigureableCell.swift */; };
		7FFD814C1C4B5B6D004F1987 /* EmptyNoteWelcomeView.xib in Resources */ = {isa = PBXBuildFile; fileRef = 7FFD814B1C4B5B6D004F1987 /* EmptyNoteWelcomeView.xib */; };
		7FFD814E1C4B5B83004F1987 /* EmptyNoteWelcomeView.swift in Sources */ = {isa = PBXBuildFile; fileRef = 7FFD814D1C4B5B83004F1987 /* EmptyNoteWelcomeView.swift */; };
		7FFD81511C4B5F6F004F1987 /* NibLoadable.swift in Sources */ = {isa = PBXBuildFile; fileRef = 7FFD81501C4B5F6F004F1987 /* NibLoadable.swift */; };
		7FFD81571C4B7895004F1987 /* RootTabBarController.swift in Sources */ = {isa = PBXBuildFile; fileRef = 7FFD81561C4B7895004F1987 /* RootTabBarController.swift */; };
		7FFE12C21C3CDF530099EA2C /* ManagedObjectContextSettable.swift in Sources */ = {isa = PBXBuildFile; fileRef = 7FFE12C11C3CDF530099EA2C /* ManagedObjectContextSettable.swift */; };
/* End PBXBuildFile section */

/* Begin PBXFileReference section */
		7F0D36091C4D2CA7009F18A6 /* MeTableViewController.swift */ = {isa = PBXFileReference; fileEncoding = 4; lastKnownFileType = sourcecode.swift; name = MeTableViewController.swift; path = ViewController/MeTableViewController.swift; sourceTree = "<group>"; };
		7F0D36131C4D2F9D009F18A6 /* zh-Hans */ = {isa = PBXFileReference; lastKnownFileType = text.plist.strings; name = "zh-Hans"; path = "zh-Hans.lproj/Main.strings"; sourceTree = "<group>"; };
		7F0D36161C4D3467009F18A6 /* en */ = {isa = PBXFileReference; lastKnownFileType = text.plist.strings; name = en; path = en.lproj/InfoPlist.strings; sourceTree = "<group>"; };
		7F0D36181C4D346B009F18A6 /* Base */ = {isa = PBXFileReference; lastKnownFileType = text.plist.strings; name = Base; path = Base.lproj/Localizable.strings; sourceTree = "<group>"; };
		7F0D361A1C4D346E009F18A6 /* en */ = {isa = PBXFileReference; lastKnownFileType = text.plist.strings; name = en; path = en.lproj/Localizable.strings; sourceTree = "<group>"; };
		7F0D361B1C4D346F009F18A6 /* zh-Hans */ = {isa = PBXFileReference; lastKnownFileType = text.plist.strings; name = "zh-Hans"; path = "zh-Hans.lproj/Localizable.strings"; sourceTree = "<group>"; };
		7F0D36301C4DFB80009F18A6 /* en */ = {isa = PBXFileReference; lastKnownFileType = text.plist.strings; name = en; path = en.lproj/Main.strings; sourceTree = "<group>"; };
		7F0D36311C4E010D009F18A6 /* Settings.swift */ = {isa = PBXFileReference; fileEncoding = 4; lastKnownFileType = sourcecode.swift; name = Settings.swift; path = ViewController/Settings.swift; sourceTree = "<group>"; };
		7F0D36331C4E0AB4009F18A6 /* TouchIDHelper.swift */ = {isa = PBXFileReference; fileEncoding = 4; lastKnownFileType = sourcecode.swift; path = TouchIDHelper.swift; sourceTree = "<group>"; };
		7F0D86E91C4CA086000DA469 /* UIView+AnimationHandler.swift */ = {isa = PBXFileReference; fileEncoding = 4; lastKnownFileType = sourcecode.swift; path = "UIView+AnimationHandler.swift"; sourceTree = "<group>"; };
		7F0D86FC1C4CE0BE000DA469 /* Base */ = {isa = PBXFileReference; lastKnownFileType = text.plist.strings; name = Base; path = Base.lproj/InfoPlist.strings; sourceTree = "<group>"; };
		7F0D86FF1C4CE0D4000DA469 /* zh-Hans */ = {isa = PBXFileReference; lastKnownFileType = text.plist.strings; name = "zh-Hans"; path = "zh-Hans.lproj/LaunchScreen.strings"; sourceTree = "<group>"; };
		7F0D87001C4CE0D4000DA469 /* zh-Hans */ = {isa = PBXFileReference; lastKnownFileType = text.plist.strings; name = "zh-Hans"; path = "zh-Hans.lproj/InfoPlist.strings"; sourceTree = "<group>"; };
		7F14F3AE1C50949000468F29 /* LockViewController.swift */ = {isa = PBXFileReference; fileEncoding = 4; lastKnownFileType = sourcecode.swift; name = LockViewController.swift; path = ViewController/LockViewController.swift; sourceTree = "<group>"; };
		7F14F3B01C50951700468F29 /* SotyboardCreatable.swift */ = {isa = PBXFileReference; fileEncoding = 4; lastKnownFileType = sourcecode.swift; name = SotyboardCreatable.swift; path = ViewController/Protocols/SotyboardCreatable.swift; sourceTree = "<group>"; };
		7F14F3B61C50EF6200468F29 /* NoteTableViewCell.xib */ = {isa = PBXFileReference; fileEncoding = 4; lastKnownFileType = file.xib; name = NoteTableViewCell.xib; path = Views/NoteTableViewCell.xib; sourceTree = "<group>"; };
		7F14F3B81C50EFF200468F29 /* NoteTableViewCell.swift */ = {isa = PBXFileReference; fileEncoding = 4; lastKnownFileType = sourcecode.swift; name = NoteTableViewCell.swift; path = Views/NoteTableViewCell.swift; sourceTree = "<group>"; };
		7F14F3BC1C50F37A00468F29 /* NoteTimelineTableViewController+Search.swift */ = {isa = PBXFileReference; fileEncoding = 4; lastKnownFileType = sourcecode.swift; name = "NoteTimelineTableViewController+Search.swift"; path = "ViewController/NoteTimelineTableViewController+Search.swift"; sourceTree = "<group>"; };
		7F14F3C01C50F7F100468F29 /* NoteSearchTableViewController.swift */ = {isa = PBXFileReference; fileEncoding = 4; lastKnownFileType = sourcecode.swift; name = NoteSearchTableViewController.swift; path = ViewController/NoteSearchTableViewController.swift; sourceTree = "<group>"; };
		7F14F3C21C50FDBC00468F29 /* FetchedResultTableViewController.swift */ = {isa = PBXFileReference; fileEncoding = 4; lastKnownFileType = sourcecode.swift; name = FetchedResultTableViewController.swift; path = ViewController/FetchedResultTableViewController.swift; sourceTree = "<group>"; };
		7F37C7821C41658E00519B18 /* Foundation+Extensions.swift */ = {isa = PBXFileReference; fileEncoding = 4; lastKnownFileType = sourcecode.swift; path = "Foundation+Extensions.swift"; sourceTree = "<group>"; };
		7F37C7831C41658E00519B18 /* UIColor+Extensions.swift */ = {isa = PBXFileReference; fileEncoding = 4; lastKnownFileType = sourcecode.swift; path = "UIColor+Extensions.swift"; sourceTree = "<group>"; };
		7F37C7841C41658E00519B18 /* UIHelper.swift */ = {isa = PBXFileReference; fileEncoding = 4; lastKnownFileType = sourcecode.swift; path = UIHelper.swift; sourceTree = "<group>"; };
		7F5204C61C34F79B00507125 /* X2015.app */ = {isa = PBXFileReference; explicitFileType = wrapper.application; includeInIndex = 0; path = X2015.app; sourceTree = BUILT_PRODUCTS_DIR; };
		7F5204C91C34F79B00507125 /* AppDelegate.swift */ = {isa = PBXFileReference; lastKnownFileType = sourcecode.swift; path = AppDelegate.swift; sourceTree = "<group>"; };
		7F5204CE1C34F79B00507125 /* Base */ = {isa = PBXFileReference; lastKnownFileType = file.storyboard; name = Base; path = Base.lproj/Main.storyboard; sourceTree = "<group>"; };
		7F5204D11C34F79B00507125 /* X2015.xcdatamodel */ = {isa = PBXFileReference; lastKnownFileType = wrapper.xcdatamodel; path = X2015.xcdatamodel; sourceTree = "<group>"; };
		7F5204D31C34F79B00507125 /* Assets.xcassets */ = {isa = PBXFileReference; lastKnownFileType = folder.assetcatalog; path = Assets.xcassets; sourceTree = "<group>"; };
		7F5204D61C34F79B00507125 /* Base */ = {isa = PBXFileReference; lastKnownFileType = file.storyboard; name = Base; path = Base.lproj/LaunchScreen.storyboard; sourceTree = "<group>"; };
		7F5204D81C34F79B00507125 /* Info.plist */ = {isa = PBXFileReference; lastKnownFileType = text.plist.xml; path = Info.plist; sourceTree = "<group>"; };
		7F5204DF1C34FB4800507125 /* Note.swift */ = {isa = PBXFileReference; fileEncoding = 4; lastKnownFileType = sourcecode.swift; path = Note.swift; sourceTree = "<group>"; };
		7F5204E71C3504C900507125 /* Collection+CoreDataExtensions.swift */ = {isa = PBXFileReference; fileEncoding = 4; lastKnownFileType = sourcecode.swift; name = "Collection+CoreDataExtensions.swift"; path = "CoreDataSharedCode/Collection+CoreDataExtensions.swift"; sourceTree = "<group>"; };
		7F5204E81C3504C900507125 /* CoreDataErrors.swift */ = {isa = PBXFileReference; fileEncoding = 4; lastKnownFileType = sourcecode.swift; name = CoreDataErrors.swift; path = CoreDataSharedCode/CoreDataErrors.swift; sourceTree = "<group>"; };
		7F5204E91C3504C900507125 /* KeyCodable.swift */ = {isa = PBXFileReference; fileEncoding = 4; lastKnownFileType = sourcecode.swift; name = KeyCodable.swift; path = CoreDataSharedCode/KeyCodable.swift; sourceTree = "<group>"; };
		7F5204EA1C3504C900507125 /* LICENSE.md */ = {isa = PBXFileReference; fileEncoding = 4; lastKnownFileType = net.daringfireball.markdown; name = LICENSE.md; path = CoreDataSharedCode/LICENSE.md; sourceTree = "<group>"; };
		7F5204EB1C3504C900507125 /* ManagedObject.swift */ = {isa = PBXFileReference; fileEncoding = 4; lastKnownFileType = sourcecode.swift; name = ManagedObject.swift; path = CoreDataSharedCode/ManagedObject.swift; sourceTree = "<group>"; };
		7F5204EC1C3504C900507125 /* ManagedObjectObserver.swift */ = {isa = PBXFileReference; fileEncoding = 4; lastKnownFileType = sourcecode.swift; name = ManagedObjectObserver.swift; path = CoreDataSharedCode/ManagedObjectObserver.swift; sourceTree = "<group>"; };
		7F5204ED1C3504C900507125 /* Migration.swift */ = {isa = PBXFileReference; fileEncoding = 4; lastKnownFileType = sourcecode.swift; name = Migration.swift; path = CoreDataSharedCode/Migration.swift; sourceTree = "<group>"; };
		7F5204EE1C3504C900507125 /* ModelBuilder.swift */ = {isa = PBXFileReference; fileEncoding = 4; lastKnownFileType = sourcecode.swift; name = ModelBuilder.swift; path = CoreDataSharedCode/ModelBuilder.swift; sourceTree = "<group>"; };
		7F5204EF1C3504C900507125 /* ModelVersionType.swift */ = {isa = PBXFileReference; fileEncoding = 4; lastKnownFileType = sourcecode.swift; name = ModelVersionType.swift; path = CoreDataSharedCode/ModelVersionType.swift; sourceTree = "<group>"; };
		7F5204F01C3504C900507125 /* NSFetchRequest+Extensions.swift */ = {isa = PBXFileReference; fileEncoding = 4; lastKnownFileType = sourcecode.swift; name = "NSFetchRequest+Extensions.swift"; path = "CoreDataSharedCode/NSFetchRequest+Extensions.swift"; sourceTree = "<group>"; };
		7F5204F11C3504C900507125 /* NSManagedObject+Extensions.swift */ = {isa = PBXFileReference; fileEncoding = 4; lastKnownFileType = sourcecode.swift; name = "NSManagedObject+Extensions.swift"; path = "CoreDataSharedCode/NSManagedObject+Extensions.swift"; sourceTree = "<group>"; };
		7F5204F21C3504C900507125 /* NSManagedObjectContext+Extensions.swift */ = {isa = PBXFileReference; fileEncoding = 4; lastKnownFileType = sourcecode.swift; name = "NSManagedObjectContext+Extensions.swift"; path = "CoreDataSharedCode/NSManagedObjectContext+Extensions.swift"; sourceTree = "<group>"; };
		7F5204F31C3504C900507125 /* NSManagedObjectContext+Observers.swift */ = {isa = PBXFileReference; fileEncoding = 4; lastKnownFileType = sourcecode.swift; name = "NSManagedObjectContext+Observers.swift"; path = "CoreDataSharedCode/NSManagedObjectContext+Observers.swift"; sourceTree = "<group>"; };
		7F5204F41C3504C900507125 /* NSPersistentStoreCoordinator+Extensions.swift */ = {isa = PBXFileReference; fileEncoding = 4; lastKnownFileType = sourcecode.swift; name = "NSPersistentStoreCoordinator+Extensions.swift"; path = "CoreDataSharedCode/NSPersistentStoreCoordinator+Extensions.swift"; sourceTree = "<group>"; };
		7F5204F51C3504C900507125 /* README.md */ = {isa = PBXFileReference; fileEncoding = 4; lastKnownFileType = net.daringfireball.markdown; name = README.md; path = CoreDataSharedCode/README.md; sourceTree = "<group>"; };
		7F5204F61C3504C900507125 /* Utilities.swift */ = {isa = PBXFileReference; fileEncoding = 4; lastKnownFileType = sourcecode.swift; name = Utilities.swift; path = CoreDataSharedCode/Utilities.swift; sourceTree = "<group>"; };
		7F5204F71C3504C900507125 /* ValueTransformer.swift */ = {isa = PBXFileReference; fileEncoding = 4; lastKnownFileType = sourcecode.swift; name = ValueTransformer.swift; path = CoreDataSharedCode/ValueTransformer.swift; sourceTree = "<group>"; };
		7F52050D1C3528D900507125 /* NoteTimelineTableViewController.swift */ = {isa = PBXFileReference; fileEncoding = 4; lastKnownFileType = sourcecode.swift; name = NoteTimelineTableViewController.swift; path = ViewController/NoteTimelineTableViewController.swift; sourceTree = "<group>"; };
		7F52050F1C3587F400507125 /* NoteEditViewController.swift */ = {isa = PBXFileReference; fileEncoding = 4; lastKnownFileType = sourcecode.swift; name = NoteEditViewController.swift; path = ViewController/NoteEditViewController.swift; sourceTree = "<group>"; };
		7F5205111C3639C100507125 /* KeyboardNotification.swift */ = {isa = PBXFileReference; fileEncoding = 4; lastKnownFileType = sourcecode.swift; path = KeyboardNotification.swift; sourceTree = "<group>"; };
		7F5205131C3643D600507125 /* KeyboardNotificationObserver.swift */ = {isa = PBXFileReference; fileEncoding = 4; lastKnownFileType = sourcecode.swift; path = KeyboardNotificationObserver.swift; sourceTree = "<group>"; };
		7F5205181C364C9100507125 /* ConfigureableCell.swift */ = {isa = PBXFileReference; fileEncoding = 4; lastKnownFileType = sourcecode.swift; path = ConfigureableCell.swift; sourceTree = "<group>"; };
		7FFD814B1C4B5B6D004F1987 /* EmptyNoteWelcomeView.xib */ = {isa = PBXFileReference; fileEncoding = 4; lastKnownFileType = file.xib; name = EmptyNoteWelcomeView.xib; path = Views/EmptyNoteWelcomeView.xib; sourceTree = "<group>"; };
		7FFD814D1C4B5B83004F1987 /* EmptyNoteWelcomeView.swift */ = {isa = PBXFileReference; fileEncoding = 4; lastKnownFileType = sourcecode.swift; name = EmptyNoteWelcomeView.swift; path = Views/EmptyNoteWelcomeView.swift; sourceTree = "<group>"; };
		7FFD81501C4B5F6F004F1987 /* NibLoadable.swift */ = {isa = PBXFileReference; fileEncoding = 4; lastKnownFileType = sourcecode.swift; name = NibLoadable.swift; path = Views/Protocols/NibLoadable.swift; sourceTree = "<group>"; };
		7FFD81561C4B7895004F1987 /* RootTabBarController.swift */ = {isa = PBXFileReference; fileEncoding = 4; lastKnownFileType = sourcecode.swift; name = RootTabBarController.swift; path = ViewController/RootTabBarController.swift; sourceTree = "<group>"; };
		7FFE12C11C3CDF530099EA2C /* ManagedObjectContextSettable.swift */ = {isa = PBXFileReference; fileEncoding = 4; lastKnownFileType = sourcecode.swift; name = ManagedObjectContextSettable.swift; path = ViewController/Protocols/ManagedObjectContextSettable.swift; sourceTree = "<group>"; };
/* End PBXFileReference section */

/* Begin PBXFrameworksBuildPhase section */
		7F5204C31C34F79B00507125 /* Frameworks */ = {
			isa = PBXFrameworksBuildPhase;
			buildActionMask = 2147483647;
			files = (
			);
			runOnlyForDeploymentPostprocessing = 0;
		};
/* End PBXFrameworksBuildPhase section */

/* Begin PBXGroup section */
		7F37C7811C41658E00519B18 /* Extensions */ = {
			isa = PBXGroup;
			children = (
				7F37C7821C41658E00519B18 /* Foundation+Extensions.swift */,
				7F37C7831C41658E00519B18 /* UIColor+Extensions.swift */,
				7F37C7841C41658E00519B18 /* UIHelper.swift */,
				7F0D86E91C4CA086000DA469 /* UIView+AnimationHandler.swift */,
				7F0D36331C4E0AB4009F18A6 /* TouchIDHelper.swift */,
			);
			path = Extensions;
			sourceTree = "<group>";
		};
		7F5204BD1C34F79B00507125 = {
			isa = PBXGroup;
			children = (
				7F5204C81C34F79B00507125 /* X2015 iOS */,
				7F5204C71C34F79B00507125 /* Products */,
			);
			sourceTree = "<group>";
		};
		7F5204C71C34F79B00507125 /* Products */ = {
			isa = PBXGroup;
			children = (
				7F5204C61C34F79B00507125 /* X2015.app */,
			);
			name = Products;
			sourceTree = "<group>";
		};
		7F5204C81C34F79B00507125 /* X2015 iOS */ = {
			isa = PBXGroup;
			children = (
				7FFD814A1C4B5B4B004F1987 /* Views */,
				7F37C7811C41658E00519B18 /* Extensions */,
				7F5205091C350BBD00507125 /* ViewControllers */,
				7F5204E31C35041000507125 /* Vendors */,
				7F5204DE1C34FB3500507125 /* Models */,
				7F5204C91C34F79B00507125 /* AppDelegate.swift */,
				7F5204CD1C34F79B00507125 /* Main.storyboard */,
				7F5204D31C34F79B00507125 /* Assets.xcassets */,
				7F5204D51C34F79B00507125 /* LaunchScreen.storyboard */,
				7F5204D81C34F79B00507125 /* Info.plist */,
				7F0D86FB1C4CE078000DA469 /* InfoPlist.strings */,
				7F0D36191C4D346B009F18A6 /* Localizable.strings */,
			);
			name = "X2015 iOS";
			path = X2015;
			sourceTree = "<group>";
		};
		7F5204DE1C34FB3500507125 /* Models */ = {
			isa = PBXGroup;
			children = (
				7F5204D01C34F79B00507125 /* X2015.xcdatamodeld */,
				7F5204DF1C34FB4800507125 /* Note.swift */,
			);
			name = Models;
			sourceTree = "<group>";
		};
		7F5204E31C35041000507125 /* Vendors */ = {
			isa = PBXGroup;
			children = (
				7F5205161C3646A700507125 /* KeyboardNotificationHelper */,
				7F5204E61C3504B300507125 /* CoreDataSharedCode */,
			);
			name = Vendors;
			sourceTree = "<group>";
		};
		7F5204E61C3504B300507125 /* CoreDataSharedCode */ = {
			isa = PBXGroup;
			children = (
				7F5204E71C3504C900507125 /* Collection+CoreDataExtensions.swift */,
				7F5204E81C3504C900507125 /* CoreDataErrors.swift */,
				7F5204E91C3504C900507125 /* KeyCodable.swift */,
				7F5204EA1C3504C900507125 /* LICENSE.md */,
				7F5204EB1C3504C900507125 /* ManagedObject.swift */,
				7F5204EC1C3504C900507125 /* ManagedObjectObserver.swift */,
				7F5204ED1C3504C900507125 /* Migration.swift */,
				7F5204EE1C3504C900507125 /* ModelBuilder.swift */,
				7F5204EF1C3504C900507125 /* ModelVersionType.swift */,
				7F5204F01C3504C900507125 /* NSFetchRequest+Extensions.swift */,
				7F5204F11C3504C900507125 /* NSManagedObject+Extensions.swift */,
				7F5204F21C3504C900507125 /* NSManagedObjectContext+Extensions.swift */,
				7F5204F31C3504C900507125 /* NSManagedObjectContext+Observers.swift */,
				7F5204F41C3504C900507125 /* NSPersistentStoreCoordinator+Extensions.swift */,
				7F5204F51C3504C900507125 /* README.md */,
				7F5204F61C3504C900507125 /* Utilities.swift */,
				7F5204F71C3504C900507125 /* ValueTransformer.swift */,
			);
			name = CoreDataSharedCode;
			sourceTree = "<group>";
		};
		7F5205091C350BBD00507125 /* ViewControllers */ = {
			isa = PBXGroup;
			children = (
				7F5205171C364C7C00507125 /* Protocols */,
				7F52050D1C3528D900507125 /* NoteTimelineTableViewController.swift */,
				7F52050F1C3587F400507125 /* NoteEditViewController.swift */,
				7FFD81561C4B7895004F1987 /* RootTabBarController.swift */,
				7F0D36091C4D2CA7009F18A6 /* MeTableViewController.swift */,
				7F0D36311C4E010D009F18A6 /* Settings.swift */,
				7F14F3AE1C50949000468F29 /* LockViewController.swift */,
				7F14F3BC1C50F37A00468F29 /* NoteTimelineTableViewController+Search.swift */,
				7F14F3C01C50F7F100468F29 /* NoteSearchTableViewController.swift */,
				7F14F3C21C50FDBC00468F29 /* FetchedResultTableViewController.swift */,
			);
			name = ViewControllers;
			sourceTree = "<group>";
		};
		7F5205161C3646A700507125 /* KeyboardNotificationHelper */ = {
			isa = PBXGroup;
			children = (
				7F5205111C3639C100507125 /* KeyboardNotification.swift */,
				7F5205131C3643D600507125 /* KeyboardNotificationObserver.swift */,
			);
			name = KeyboardNotificationHelper;
			sourceTree = "<group>";
		};
		7F5205171C364C7C00507125 /* Protocols */ = {
			isa = PBXGroup;
			children = (
				7F5205181C364C9100507125 /* ConfigureableCell.swift */,
				7FFE12C11C3CDF530099EA2C /* ManagedObjectContextSettable.swift */,
				7F14F3B01C50951700468F29 /* SotyboardCreatable.swift */,
			);
			name = Protocols;
			sourceTree = "<group>";
		};
		7FFD814A1C4B5B4B004F1987 /* Views */ = {
			isa = PBXGroup;
			children = (
				7FFD814F1C4B5F46004F1987 /* Protocols */,
				7FFD814B1C4B5B6D004F1987 /* EmptyNoteWelcomeView.xib */,
				7FFD814D1C4B5B83004F1987 /* EmptyNoteWelcomeView.swift */,
				7F14F3B61C50EF6200468F29 /* NoteTableViewCell.xib */,
				7F14F3B81C50EFF200468F29 /* NoteTableViewCell.swift */,
			);
			name = Views;
			sourceTree = "<group>";
		};
		7FFD814F1C4B5F46004F1987 /* Protocols */ = {
			isa = PBXGroup;
			children = (
				7FFD81501C4B5F6F004F1987 /* NibLoadable.swift */,
			);
			name = Protocols;
			sourceTree = "<group>";
		};
/* End PBXGroup section */

/* Begin PBXNativeTarget section */
		7F5204C51C34F79B00507125 /* X2015 */ = {
			isa = PBXNativeTarget;
			buildConfigurationList = 7F5204DB1C34F79B00507125 /* Build configuration list for PBXNativeTarget "X2015" */;
			buildPhases = (
				7F5204C21C34F79B00507125 /* Sources */,
				7F5204C31C34F79B00507125 /* Frameworks */,
				7F5204C41C34F79B00507125 /* Resources */,
				7FFD81581C4C907B004F1987 /* ShellScript */,
			);
			buildRules = (
			);
			dependencies = (
			);
			name = X2015;
			productName = X2015;
			productReference = 7F5204C61C34F79B00507125 /* X2015.app */;
			productType = "com.apple.product-type.application";
		};
/* End PBXNativeTarget section */

/* Begin PBXProject section */
		7F5204BE1C34F79B00507125 /* Project object */ = {
			isa = PBXProject;
			attributes = {
				LastSwiftUpdateCheck = 0720;
				LastUpgradeCheck = 0720;
				ORGANIZATIONNAME = "Zhang Hang";
				TargetAttributes = {
					7F5204C51C34F79B00507125 = {
						CreatedOnToolsVersion = 7.2;
					};
				};
			};
			buildConfigurationList = 7F5204C11C34F79B00507125 /* Build configuration list for PBXProject "X2015" */;
			compatibilityVersion = "Xcode 3.2";
			developmentRegion = English;
			hasScannedForEncodings = 0;
			knownRegions = (
				en,
				Base,
				"zh-Hans",
			);
			mainGroup = 7F5204BD1C34F79B00507125;
			productRefGroup = 7F5204C71C34F79B00507125 /* Products */;
			projectDirPath = "";
			projectRoot = "";
			targets = (
				7F5204C51C34F79B00507125 /* X2015 */,
			);
		};
/* End PBXProject section */

/* Begin PBXResourcesBuildPhase section */
		7F5204C41C34F79B00507125 /* Resources */ = {
			isa = PBXResourcesBuildPhase;
			buildActionMask = 2147483647;
			files = (
				7F14F3B71C50EF6200468F29 /* NoteTableViewCell.xib in Resources */,
				7F5204D71C34F79B00507125 /* LaunchScreen.storyboard in Resources */,
				7F0D36171C4D346B009F18A6 /* Localizable.strings in Resources */,
				7FFD814C1C4B5B6D004F1987 /* EmptyNoteWelcomeView.xib in Resources */,
				7F5204D41C34F79B00507125 /* Assets.xcassets in Resources */,
				7F5204CF1C34F79B00507125 /* Main.storyboard in Resources */,
				7F0D86F91C4CE078000DA469 /* InfoPlist.strings in Resources */,
			);
			runOnlyForDeploymentPostprocessing = 0;
		};
/* End PBXResourcesBuildPhase section */

/* Begin PBXShellScriptBuildPhase section */
		7FFD81581C4C907B004F1987 /* ShellScript */ = {
			isa = PBXShellScriptBuildPhase;
			buildActionMask = 2147483647;
			files = (
			);
			inputPaths = (
			);
			outputPaths = (
			);
			runOnlyForDeploymentPostprocessing = 0;
			shellPath = /bin/sh;
			shellScript = "if which swiftlint >/dev/null; then\nswiftlint\nelse\necho \"SwiftLint does not exist, download from https://github.com/realm/SwiftLint\"\nfi";
		};
/* End PBXShellScriptBuildPhase section */

/* Begin PBXSourcesBuildPhase section */
		7F5204C21C34F79B00507125 /* Sources */ = {
			isa = PBXSourcesBuildPhase;
			buildActionMask = 2147483647;
			files = (
				7F5205051C3504C900507125 /* NSPersistentStoreCoordinator+Extensions.swift in Sources */,
				7F14F3B11C50951700468F29 /* SotyboardCreatable.swift in Sources */,
				7F14F3C31C50FDBC00468F29 /* FetchedResultTableViewController.swift in Sources */,
				7F5204FA1C3504C900507125 /* KeyCodable.swift in Sources */,
				7F0D36341C4E0AB4009F18A6 /* TouchIDHelper.swift in Sources */,
				7F5204F91C3504C900507125 /* CoreDataErrors.swift in Sources */,
				7F5205081C3504C900507125 /* ValueTransformer.swift in Sources */,
				7F5204D21C34F79B00507125 /* X2015.xcdatamodeld in Sources */,
				7F5204FD1C3504C900507125 /* ManagedObjectObserver.swift in Sources */,
				7F5204F81C3504C900507125 /* Collection+CoreDataExtensions.swift in Sources */,
				7FFD81571C4B7895004F1987 /* RootTabBarController.swift in Sources */,
				7F5205031C3504C900507125 /* NSManagedObjectContext+Extensions.swift in Sources */,
				7FFD814E1C4B5B83004F1987 /* EmptyNoteWelcomeView.swift in Sources */,
				7F14F3BD1C50F37A00468F29 /* NoteTimelineTableViewController+Search.swift in Sources */,
				7F52050E1C3528D900507125 /* NoteTimelineTableViewController.swift in Sources */,
				7F37C7871C41658E00519B18 /* UIHelper.swift in Sources */,
				7F14F3B91C50EFF200468F29 /* NoteTableViewCell.swift in Sources */,
				7F5205021C3504C900507125 /* NSManagedObject+Extensions.swift in Sources */,
				7F37C7861C41658E00519B18 /* UIColor+Extensions.swift in Sources */,
				7F14F3AF1C50949000468F29 /* LockViewController.swift in Sources */,
				7F5204CA1C34F79B00507125 /* AppDelegate.swift in Sources */,
				7F5204E01C34FB4800507125 /* Note.swift in Sources */,
				7F5205001C3504C900507125 /* ModelVersionType.swift in Sources */,
				7FFE12C21C3CDF530099EA2C /* ManagedObjectContextSettable.swift in Sources */,
				7F5205191C364C9100507125 /* ConfigureableCell.swift in Sources */,
				7F5204FF1C3504C900507125 /* ModelBuilder.swift in Sources */,
				7F0D36321C4E010D009F18A6 /* Settings.swift in Sources */,
				7F5205041C3504C900507125 /* NSManagedObjectContext+Observers.swift in Sources */,
				7F5205141C3643D600507125 /* KeyboardNotificationObserver.swift in Sources */,
				7F5205011C3504C900507125 /* NSFetchRequest+Extensions.swift in Sources */,
				7F5204FE1C3504C900507125 /* Migration.swift in Sources */,
				7FFD81511C4B5F6F004F1987 /* NibLoadable.swift in Sources */,
				7F0D360A1C4D2CA7009F18A6 /* MeTableViewController.swift in Sources */,
				7F5205071C3504C900507125 /* Utilities.swift in Sources */,
				7F0D86EA1C4CA086000DA469 /* UIView+AnimationHandler.swift in Sources */,
				7F5205101C3587F400507125 /* NoteEditViewController.swift in Sources */,
				7F5204FC1C3504C900507125 /* ManagedObject.swift in Sources */,
				7F5205121C3639C100507125 /* KeyboardNotification.swift in Sources */,
				7F14F3C11C50F7F100468F29 /* NoteSearchTableViewController.swift in Sources */,
				7F37C7851C41658E00519B18 /* Foundation+Extensions.swift in Sources */,
			);
			runOnlyForDeploymentPostprocessing = 0;
		};
/* End PBXSourcesBuildPhase section */

/* Begin PBXVariantGroup section */
		7F0D36191C4D346B009F18A6 /* Localizable.strings */ = {
			isa = PBXVariantGroup;
			children = (
				7F0D36181C4D346B009F18A6 /* Base */,
				7F0D361A1C4D346E009F18A6 /* en */,
				7F0D361B1C4D346F009F18A6 /* zh-Hans */,
			);
			name = Localizable.strings;
			sourceTree = "<group>";
		};
		7F0D86FB1C4CE078000DA469 /* InfoPlist.strings */ = {
			isa = PBXVariantGroup;
			children = (
				7F0D86FC1C4CE0BE000DA469 /* Base */,
				7F0D87001C4CE0D4000DA469 /* zh-Hans */,
				7F0D36161C4D3467009F18A6 /* en */,
			);
			name = InfoPlist.strings;
			sourceTree = "<group>";
		};
		7F5204CD1C34F79B00507125 /* Main.storyboard */ = {
			isa = PBXVariantGroup;
			children = (
				7F5204CE1C34F79B00507125 /* Base */,
				7F0D36131C4D2F9D009F18A6 /* zh-Hans */,
				7F0D36301C4DFB80009F18A6 /* en */,
			);
			name = Main.storyboard;
			sourceTree = "<group>";
		};
		7F5204D51C34F79B00507125 /* LaunchScreen.storyboard */ = {
			isa = PBXVariantGroup;
			children = (
				7F5204D61C34F79B00507125 /* Base */,
				7F0D86FF1C4CE0D4000DA469 /* zh-Hans */,
			);
			name = LaunchScreen.storyboard;
			sourceTree = "<group>";
		};
/* End PBXVariantGroup section */

/* Begin XCBuildConfiguration section */
		7F5204D91C34F79B00507125 /* Debug */ = {
			isa = XCBuildConfiguration;
			buildSettings = {
				ALWAYS_SEARCH_USER_PATHS = NO;
				CLANG_CXX_LANGUAGE_STANDARD = "gnu++0x";
				CLANG_CXX_LIBRARY = "libc++";
				CLANG_ENABLE_MODULES = YES;
				CLANG_ENABLE_OBJC_ARC = YES;
				CLANG_WARN_BOOL_CONVERSION = YES;
				CLANG_WARN_CONSTANT_CONVERSION = YES;
				CLANG_WARN_DIRECT_OBJC_ISA_USAGE = YES_ERROR;
				CLANG_WARN_EMPTY_BODY = YES;
				CLANG_WARN_ENUM_CONVERSION = YES;
				CLANG_WARN_INT_CONVERSION = YES;
				CLANG_WARN_OBJC_ROOT_CLASS = YES_ERROR;
				CLANG_WARN_UNREACHABLE_CODE = YES;
				CLANG_WARN__DUPLICATE_METHOD_MATCH = YES;
				"CODE_SIGN_IDENTITY[sdk=iphoneos*]" = "iPhone Developer";
				COPY_PHASE_STRIP = NO;
				DEBUG_INFORMATION_FORMAT = dwarf;
				ENABLE_STRICT_OBJC_MSGSEND = YES;
				ENABLE_TESTABILITY = YES;
				GCC_C_LANGUAGE_STANDARD = gnu99;
				GCC_DYNAMIC_NO_PIC = NO;
				GCC_NO_COMMON_BLOCKS = YES;
				GCC_OPTIMIZATION_LEVEL = 0;
				GCC_PREPROCESSOR_DEFINITIONS = (
					"DEBUG=1",
					"$(inherited)",
				);
				GCC_WARN_64_TO_32_BIT_CONVERSION = YES;
				GCC_WARN_ABOUT_RETURN_TYPE = YES_ERROR;
				GCC_WARN_UNDECLARED_SELECTOR = YES;
				GCC_WARN_UNINITIALIZED_AUTOS = YES_AGGRESSIVE;
				GCC_WARN_UNUSED_FUNCTION = YES;
				GCC_WARN_UNUSED_VARIABLE = YES;
				IPHONEOS_DEPLOYMENT_TARGET = 9.2;
				MTL_ENABLE_DEBUG_INFO = YES;
				ONLY_ACTIVE_ARCH = YES;
				SDKROOT = iphoneos;
				SWIFT_OPTIMIZATION_LEVEL = "-Onone";
				TARGETED_DEVICE_FAMILY = "1,2";
			};
			name = Debug;
		};
		7F5204DA1C34F79B00507125 /* Release */ = {
			isa = XCBuildConfiguration;
			buildSettings = {
				ALWAYS_SEARCH_USER_PATHS = NO;
				CLANG_CXX_LANGUAGE_STANDARD = "gnu++0x";
				CLANG_CXX_LIBRARY = "libc++";
				CLANG_ENABLE_MODULES = YES;
				CLANG_ENABLE_OBJC_ARC = YES;
				CLANG_WARN_BOOL_CONVERSION = YES;
				CLANG_WARN_CONSTANT_CONVERSION = YES;
				CLANG_WARN_DIRECT_OBJC_ISA_USAGE = YES_ERROR;
				CLANG_WARN_EMPTY_BODY = YES;
				CLANG_WARN_ENUM_CONVERSION = YES;
				CLANG_WARN_INT_CONVERSION = YES;
				CLANG_WARN_OBJC_ROOT_CLASS = YES_ERROR;
				CLANG_WARN_UNREACHABLE_CODE = YES;
				CLANG_WARN__DUPLICATE_METHOD_MATCH = YES;
				"CODE_SIGN_IDENTITY[sdk=iphoneos*]" = "iPhone Developer";
				COPY_PHASE_STRIP = NO;
				DEBUG_INFORMATION_FORMAT = "dwarf-with-dsym";
				ENABLE_NS_ASSERTIONS = NO;
				ENABLE_STRICT_OBJC_MSGSEND = YES;
				GCC_C_LANGUAGE_STANDARD = gnu99;
				GCC_NO_COMMON_BLOCKS = YES;
				GCC_WARN_64_TO_32_BIT_CONVERSION = YES;
				GCC_WARN_ABOUT_RETURN_TYPE = YES_ERROR;
				GCC_WARN_UNDECLARED_SELECTOR = YES;
				GCC_WARN_UNINITIALIZED_AUTOS = YES_AGGRESSIVE;
				GCC_WARN_UNUSED_FUNCTION = YES;
				GCC_WARN_UNUSED_VARIABLE = YES;
				IPHONEOS_DEPLOYMENT_TARGET = 9.2;
				MTL_ENABLE_DEBUG_INFO = NO;
				SDKROOT = iphoneos;
				TARGETED_DEVICE_FAMILY = "1,2";
				VALIDATE_PRODUCT = YES;
			};
			name = Release;
		};
		7F5204DC1C34F79B00507125 /* Debug */ = {
			isa = XCBuildConfiguration;
			buildSettings = {
				ASSETCATALOG_COMPILER_APPICON_NAME = AppIcon;
				INFOPLIST_FILE = X2015/Info.plist;
				LD_RUNPATH_SEARCH_PATHS = "$(inherited) @executable_path/Frameworks";
				PRODUCT_BUNDLE_IDENTIFIER = me.zhanghang.X2015;
				PRODUCT_NAME = "$(TARGET_NAME)";
			};
			name = Debug;
		};
		7F5204DD1C34F79B00507125 /* Release */ = {
			isa = XCBuildConfiguration;
			buildSettings = {
				ASSETCATALOG_COMPILER_APPICON_NAME = AppIcon;
				INFOPLIST_FILE = X2015/Info.plist;
				LD_RUNPATH_SEARCH_PATHS = "$(inherited) @executable_path/Frameworks";
				PRODUCT_BUNDLE_IDENTIFIER = me.zhanghang.X2015;
				PRODUCT_NAME = "$(TARGET_NAME)";
			};
			name = Release;
		};
/* End XCBuildConfiguration section */

/* Begin XCConfigurationList section */
		7F5204C11C34F79B00507125 /* Build configuration list for PBXProject "X2015" */ = {
			isa = XCConfigurationList;
			buildConfigurations = (
				7F5204D91C34F79B00507125 /* Debug */,
				7F5204DA1C34F79B00507125 /* Release */,
			);
			defaultConfigurationIsVisible = 0;
			defaultConfigurationName = Release;
		};
		7F5204DB1C34F79B00507125 /* Build configuration list for PBXNativeTarget "X2015" */ = {
			isa = XCConfigurationList;
			buildConfigurations = (
				7F5204DC1C34F79B00507125 /* Debug */,
				7F5204DD1C34F79B00507125 /* Release */,
			);
			defaultConfigurationIsVisible = 0;
			defaultConfigurationName = Release;
		};
/* End XCConfigurationList section */

/* Begin XCVersionGroup section */
		7F5204D01C34F79B00507125 /* X2015.xcdatamodeld */ = {
			isa = XCVersionGroup;
			children = (
				7F5204D11C34F79B00507125 /* X2015.xcdatamodel */,
			);
			currentVersion = 7F5204D11C34F79B00507125 /* X2015.xcdatamodel */;
			path = X2015.xcdatamodeld;
			sourceTree = "<group>";
			versionGroupType = wrapper.xcdatamodel;
		};
/* End XCVersionGroup section */
	};
	rootObject = 7F5204BE1C34F79B00507125 /* Project object */;
}
